
Microsoft Visual Studio Solution File, Format Version 12.00
# Visual Studio 15
VisualStudioVersion = 15.0.27428.2037
MinimumVisualStudioVersion = 10.0.40219.1
Project("{FAE04EC0-301F-11D3-BF4B-00C04F79EFBC}") = "Tick-Tack", "Tick-Tack\Tick-Tack.csproj", "{A75CA0EE-B541-494E-8E9E-3F3FE5BB992E}"
EndProject
Global
	GlobalSection(SolutionConfigurationPlatforms) = preSolution
		Debug|Any CPU = Debug|Any CPU
		Release|Any CPU = Release|Any CPU
	EndGlobalSection
	GlobalSection(ProjectConfigurationPlatforms) = postSolution
		{A75CA0EE-B541-494E-8E9E-3F3FE5BB992E}.Debug|Any CPU.ActiveCfg = Debug|Any CPU
		{A75CA0EE-B541-494E-8E9E-3F3FE5BB992E}.Debug|Any CPU.Build.0 = Debug|Any CPU
		{A75CA0EE-B541-494E-8E9E-3F3FE5BB992E}.Release|Any CPU.ActiveCfg = Release|Any CPU
		{A75CA0EE-B541-494E-8E9E-3F3FE5BB992E}.Release|Any CPU.Build.0 = Release|Any CPU
	EndGlobalSection
	GlobalSection(SolutionProperties) = preSolution
		HideSolutionNode = FALSE
	EndGlobalSection
	GlobalSection(ExtensibilityGlobals) = postSolution
		SolutionGuid = {DDEE2575-5337-4414-B1F1-DA9B1EA1084D}
	EndGlobalSection
EndGlobal
